
Microsoft Visual Studio Solution File, Format Version 12.00
# Visual Studio Version 17
VisualStudioVersion = 17.7.34018.315
MinimumVisualStudioVersion = 10.0.40219.1
Project("{9A19103F-16F7-4668-BE54-9A1E7A4F7556}") = "Ejercicio1_U1", "Ejercicio1_U1\Ejercicio1_U1.csproj", "{36357B34-9D5C-4D99-AED7-411CCA89C97D}"
EndProject
Project("{9A19103F-16F7-4668-BE54-9A1E7A4F7556}") = "Calculadora_Area_Perimetro_U1", "Calculadora_Area_Perimetro_U1\Calculadora_Area_Perimetro_U1.csproj", "{0799EF82-0E74-4113-875B-353CB0BD8108}"
EndProject
Project("{9A19103F-16F7-4668-BE54-9A1E7A4F7556}") = "EncuestaEje1_U1", "EncuestaEje1_U1\EncuestaEje1_U1.csproj", "{26BCEE8E-C4AF-4D2C-9C1B-BF254FB07E27}"
EndProject
Project("{9A19103F-16F7-4668-BE54-9A1E7A4F7556}") = "Ejercicio2_U1", "Ejercicio2_U1\Ejercicio2_U1.csproj", "{F13ED525-BFEA-48AF-89F0-636E96622F1F}"
EndProject
Project("{9A19103F-16F7-4668-BE54-9A1E7A4F7556}") = "PV_Panaderia", "PV_Panaderia\PV_Panaderia.csproj", "{6429035C-C9D9-4A55-84A0-A2ECB9FA0A7A}"
EndProject
Global
	GlobalSection(SolutionConfigurationPlatforms) = preSolution
		Debug|Any CPU = Debug|Any CPU
		Release|Any CPU = Release|Any CPU
	EndGlobalSection
	GlobalSection(ProjectConfigurationPlatforms) = postSolution
		{36357B34-9D5C-4D99-AED7-411CCA89C97D}.Debug|Any CPU.ActiveCfg = Debug|Any CPU
		{36357B34-9D5C-4D99-AED7-411CCA89C97D}.Debug|Any CPU.Build.0 = Debug|Any CPU
		{36357B34-9D5C-4D99-AED7-411CCA89C97D}.Release|Any CPU.ActiveCfg = Release|Any CPU
		{36357B34-9D5C-4D99-AED7-411CCA89C97D}.Release|Any CPU.Build.0 = Release|Any CPU
		{0799EF82-0E74-4113-875B-353CB0BD8108}.Debug|Any CPU.ActiveCfg = Debug|Any CPU
		{0799EF82-0E74-4113-875B-353CB0BD8108}.Debug|Any CPU.Build.0 = Debug|Any CPU
		{0799EF82-0E74-4113-875B-353CB0BD8108}.Release|Any CPU.ActiveCfg = Release|Any CPU
		{0799EF82-0E74-4113-875B-353CB0BD8108}.Release|Any CPU.Build.0 = Release|Any CPU
		{26BCEE8E-C4AF-4D2C-9C1B-BF254FB07E27}.Debug|Any CPU.ActiveCfg = Debug|Any CPU
		{26BCEE8E-C4AF-4D2C-9C1B-BF254FB07E27}.Debug|Any CPU.Build.0 = Debug|Any CPU
		{26BCEE8E-C4AF-4D2C-9C1B-BF254FB07E27}.Release|Any CPU.ActiveCfg = Release|Any CPU
		{26BCEE8E-C4AF-4D2C-9C1B-BF254FB07E27}.Release|Any CPU.Build.0 = Release|Any CPU
		{F13ED525-BFEA-48AF-89F0-636E96622F1F}.Debug|Any CPU.ActiveCfg = Debug|Any CPU
		{F13ED525-BFEA-48AF-89F0-636E96622F1F}.Debug|Any CPU.Build.0 = Debug|Any CPU
		{F13ED525-BFEA-48AF-89F0-636E96622F1F}.Release|Any CPU.ActiveCfg = Release|Any CPU
		{F13ED525-BFEA-48AF-89F0-636E96622F1F}.Release|Any CPU.Build.0 = Release|Any CPU
		{6429035C-C9D9-4A55-84A0-A2ECB9FA0A7A}.Debug|Any CPU.ActiveCfg = Debug|Any CPU
		{6429035C-C9D9-4A55-84A0-A2ECB9FA0A7A}.Debug|Any CPU.Build.0 = Debug|Any CPU
		{6429035C-C9D9-4A55-84A0-A2ECB9FA0A7A}.Release|Any CPU.ActiveCfg = Release|Any CPU
		{6429035C-C9D9-4A55-84A0-A2ECB9FA0A7A}.Release|Any CPU.Build.0 = Release|Any CPU
	EndGlobalSection
	GlobalSection(SolutionProperties) = preSolution
		HideSolutionNode = FALSE
	EndGlobalSection
	GlobalSection(ExtensibilityGlobals) = postSolution
		SolutionGuid = {992F2F02-A9EF-49BE-9D9A-1E4E46C76B1C}
	EndGlobalSection
EndGlobal
